PODS:
  - SDWebImage (5.0.6):
    - SDWebImage/Core (= 5.0.6)
  - SDWebImage/Core (5.0.6)
  - TLMHttpDNS (0.1.0)

DEPENDENCIES:
  - SDWebImage
  - TLMHttpDNS (from `../`)

SPEC REPOS:
  https://github.com/cocoapods/specs.git:
    - SDWebImage

EXTERNAL SOURCES:
  TLMHttpDNS:
    :path: "../"

SPEC CHECKSUMS:
  SDWebImage: 920f1a2ff1ca8296ad34f6e0510a1ef1d70ac965
  TLMHttpDNS: 998cb29e515d4a67778a91116498e3889e24b5f5

PODFILE CHECKSUM: 78b964b38321d9d79eb051e30ec3cd3d1c7de2f4

COCOAPODS: 1.6.1
