PODS:
  - SDWebImage (5.0.3):
    - SDWebImage/Core (= 5.0.3)
  - SDWebImage/Core (5.0.3)
  - TLMHttpDNS (0.1.0)

DEPENDENCIES:
  - SDWebImage
  - TLMHttpDNS (from `../`)

SPEC REPOS:
  https://github.com/cocoapods/specs.git:
    - SDWebImage

EXTERNAL SOURCES:
  TLMHttpDNS:
    :path: "../"

SPEC CHECKSUMS:
  SDWebImage: d4f87d7d36c8a4d9f9459dc282e0caa057fdf935
  TLMHttpDNS: 998cb29e515d4a67778a91116498e3889e24b5f5

PODFILE CHECKSUM: 8aad9a5f55757a043258d336cdb575652aed6413

COCOAPODS: 1.6.1
